
Microsoft Visual Studio Solution File, Format Version 12.00
# Visual Studio Version 17
VisualStudioVersion = 17.14.36121.58 d17.14
MinimumVisualStudioVersion = 10.0.40219.1
Project("{FAE04EC0-301F-11D3-BF4B-00C04F79EFBC}") = "testeMVC", "testeMVC\testeMVC.csproj", "{F449924C-1747-4BC9-92D5-6C22204D4DD4}"
EndProject
Global
	GlobalSection(SolutionConfigurationPlatforms) = preSolution
		Debug|Any CPU = Debug|Any CPU
		Release|Any CPU = Release|Any CPU
	EndGlobalSection
	GlobalSection(ProjectConfigurationPlatforms) = postSolution
		{F449924C-1747-4BC9-92D5-6C22204D4DD4}.Debug|Any CPU.ActiveCfg = Debug|Any CPU
		{F449924C-1747-4BC9-92D5-6C22204D4DD4}.Debug|Any CPU.Build.0 = Debug|Any CPU
		{F449924C-1747-4BC9-92D5-6C22204D4DD4}.Release|Any CPU.ActiveCfg = Release|Any CPU
		{F449924C-1747-4BC9-92D5-6C22204D4DD4}.Release|Any CPU.Build.0 = Release|Any CPU
	EndGlobalSection
	GlobalSection(SolutionProperties) = preSolution
		HideSolutionNode = FALSE
	EndGlobalSection
	GlobalSection(ExtensibilityGlobals) = postSolution
		SolutionGuid = {3B7FF066-90DF-46CA-8B9D-190CC860087F}
	EndGlobalSection
EndGlobal
